
Microsoft Visual Studio Solution File, Format Version 10.00
# Visual Studio 2008
Project("{8BC9CEB8-8B4A-11D0-8D11-00A0C91BC942}") = "webspider", "webspider.vcproj", "{1ABCFE7B-A33A-48EE-B879-DAB8D6D4049F}"
	ProjectSection(ProjectDependencies) = postProject
		{4E7D9510-3E28-468E-A2EC-0B3E0AF2F3DA} = {4E7D9510-3E28-468E-A2EC-0B3E0AF2F3DA}
		{27BAE77C-389B-407C-9CE2-D03326ED9379} = {27BAE77C-389B-407C-9CE2-D03326ED9379}
		{3123BD7F-E0AF-40D2-AF98-82707239613A} = {3123BD7F-E0AF-40D2-AF98-82707239613A}
		{5AB5E6BA-4230-4528-AB2A-A499F8ED6892} = {5AB5E6BA-4230-4528-AB2A-A499F8ED6892}
	EndProjectSection
EndProject
Project("{8BC9CEB8-8B4A-11D0-8D11-00A0C91BC942}") = "dbclient", "..\dbclient\dbclient.vcproj", "{4E7D9510-3E28-468E-A2EC-0B3E0AF2F3DA}"
	ProjectSection(ProjectDependencies) = postProject
		{27BAE77C-389B-407C-9CE2-D03326ED9379} = {27BAE77C-389B-407C-9CE2-D03326ED9379}
	EndProjectSection
EndProject
Project("{8BC9CEB8-8B4A-11D0-8D11-00A0C91BC942}") = "websync", "..\websync\websync.vcproj", "{A976BCCF-4018-4A44-8A8F-749C44574313}"
	ProjectSection(ProjectDependencies) = postProject
		{4E7D9510-3E28-468E-A2EC-0B3E0AF2F3DA} = {4E7D9510-3E28-468E-A2EC-0B3E0AF2F3DA}
	EndProjectSection
EndProject
Project("{8BC9CEB8-8B4A-11D0-8D11-00A0C91BC942}") = "WebGUI", "..\webgui\WebGUI.vcproj", "{330E9E79-14C6-4A9B-A261-F9B902E73821}"
	ProjectSection(ProjectDependencies) = postProject
		{3123BD7F-E0AF-40D2-AF98-82707239613A} = {3123BD7F-E0AF-40D2-AF98-82707239613A}
	EndProjectSection
EndProject
Project("{8BC9CEB8-8B4A-11D0-8D11-00A0C91BC942}") = "dxt", "..\dxt\dxt.vcproj", "{3123BD7F-E0AF-40D2-AF98-82707239613A}"
EndProject
Project("{8BC9CEB8-8B4A-11D0-8D11-00A0C91BC942}") = "libhttp", "..\libhttp\libhttp.vcproj", "{5AB5E6BA-4230-4528-AB2A-A499F8ED6892}"
	ProjectSection(ProjectDependencies) = postProject
		{27BAE77C-389B-407C-9CE2-D03326ED9379} = {27BAE77C-389B-407C-9CE2-D03326ED9379}
		{3123BD7F-E0AF-40D2-AF98-82707239613A} = {3123BD7F-E0AF-40D2-AF98-82707239613A}
	EndProjectSection
EndProject
Project("{8BC9CEB8-8B4A-11D0-8D11-00A0C91BC942}") = "libsdk", "..\libsdk\libsdk.vcproj", "{27BAE77C-389B-407C-9CE2-D03326ED9379}"
EndProject
Project("{8BC9CEB8-8B4A-11D0-8D11-00A0C91BC942}") = "book-library", "..\book-library\book-library.vcproj", "{AE006786-6587-4FCB-9775-614F780D1F80}"
	ProjectSection(ProjectDependencies) = postProject
		{4E7D9510-3E28-468E-A2EC-0B3E0AF2F3DA} = {4E7D9510-3E28-468E-A2EC-0B3E0AF2F3DA}
		{27BAE77C-389B-407C-9CE2-D03326ED9379} = {27BAE77C-389B-407C-9CE2-D03326ED9379}
		{3123BD7F-E0AF-40D2-AF98-82707239613A} = {3123BD7F-E0AF-40D2-AF98-82707239613A}
		{5AB5E6BA-4230-4528-AB2A-A499F8ED6892} = {5AB5E6BA-4230-4528-AB2A-A499F8ED6892}
	EndProjectSection
EndProject
Project("{8BC9CEB8-8B4A-11D0-8D11-00A0C91BC942}") = "book-spider", "..\book-spider\book-spider.vcproj", "{785F04CC-760D-495A-A278-CB32A977FF92}"
	ProjectSection(ProjectDependencies) = postProject
		{4E7D9510-3E28-468E-A2EC-0B3E0AF2F3DA} = {4E7D9510-3E28-468E-A2EC-0B3E0AF2F3DA}
		{27BAE77C-389B-407C-9CE2-D03326ED9379} = {27BAE77C-389B-407C-9CE2-D03326ED9379}
		{3123BD7F-E0AF-40D2-AF98-82707239613A} = {3123BD7F-E0AF-40D2-AF98-82707239613A}
		{5AB5E6BA-4230-4528-AB2A-A499F8ED6892} = {5AB5E6BA-4230-4528-AB2A-A499F8ED6892}
	EndProjectSection
EndProject
Project("{8BC9CEB8-8B4A-11D0-8D11-00A0C91BC942}") = "joke-spider", "..\joke-spider\joke-spider.vcproj", "{70C67927-664C-48F1-B7B0-D15006C68257}"
	ProjectSection(ProjectDependencies) = postProject
		{4E7D9510-3E28-468E-A2EC-0B3E0AF2F3DA} = {4E7D9510-3E28-468E-A2EC-0B3E0AF2F3DA}
		{27BAE77C-389B-407C-9CE2-D03326ED9379} = {27BAE77C-389B-407C-9CE2-D03326ED9379}
		{3123BD7F-E0AF-40D2-AF98-82707239613A} = {3123BD7F-E0AF-40D2-AF98-82707239613A}
		{5AB5E6BA-4230-4528-AB2A-A499F8ED6892} = {5AB5E6BA-4230-4528-AB2A-A499F8ED6892}
	EndProjectSection
EndProject
Global
	GlobalSection(SolutionConfigurationPlatforms) = preSolution
		Debug|Win32 = Debug|Win32
		Release|Win32 = Release|Win32
	EndGlobalSection
	GlobalSection(ProjectConfigurationPlatforms) = postSolution
		{1ABCFE7B-A33A-48EE-B879-DAB8D6D4049F}.Debug|Win32.ActiveCfg = Debug|Win32
		{1ABCFE7B-A33A-48EE-B879-DAB8D6D4049F}.Debug|Win32.Build.0 = Debug|Win32
		{1ABCFE7B-A33A-48EE-B879-DAB8D6D4049F}.Release|Win32.ActiveCfg = Release|Win32
		{1ABCFE7B-A33A-48EE-B879-DAB8D6D4049F}.Release|Win32.Build.0 = Release|Win32
		{4E7D9510-3E28-468E-A2EC-0B3E0AF2F3DA}.Debug|Win32.ActiveCfg = Debug|Win32
		{4E7D9510-3E28-468E-A2EC-0B3E0AF2F3DA}.Debug|Win32.Build.0 = Debug|Win32
		{4E7D9510-3E28-468E-A2EC-0B3E0AF2F3DA}.Release|Win32.ActiveCfg = Release|Win32
		{4E7D9510-3E28-468E-A2EC-0B3E0AF2F3DA}.Release|Win32.Build.0 = Release|Win32
		{A976BCCF-4018-4A44-8A8F-749C44574313}.Debug|Win32.ActiveCfg = Debug|Win32
		{A976BCCF-4018-4A44-8A8F-749C44574313}.Debug|Win32.Build.0 = Debug|Win32
		{A976BCCF-4018-4A44-8A8F-749C44574313}.Release|Win32.ActiveCfg = Release|Win32
		{A976BCCF-4018-4A44-8A8F-749C44574313}.Release|Win32.Build.0 = Release|Win32
		{330E9E79-14C6-4A9B-A261-F9B902E73821}.Debug|Win32.ActiveCfg = Debug|Win32
		{330E9E79-14C6-4A9B-A261-F9B902E73821}.Debug|Win32.Build.0 = Debug|Win32
		{330E9E79-14C6-4A9B-A261-F9B902E73821}.Release|Win32.ActiveCfg = Release|Win32
		{330E9E79-14C6-4A9B-A261-F9B902E73821}.Release|Win32.Build.0 = Release|Win32
		{3123BD7F-E0AF-40D2-AF98-82707239613A}.Debug|Win32.ActiveCfg = Debug|Win32
		{3123BD7F-E0AF-40D2-AF98-82707239613A}.Debug|Win32.Build.0 = Debug|Win32
		{3123BD7F-E0AF-40D2-AF98-82707239613A}.Release|Win32.ActiveCfg = Release|Win32
		{3123BD7F-E0AF-40D2-AF98-82707239613A}.Release|Win32.Build.0 = Release|Win32
		{5AB5E6BA-4230-4528-AB2A-A499F8ED6892}.Debug|Win32.ActiveCfg = Debug|Win32
		{5AB5E6BA-4230-4528-AB2A-A499F8ED6892}.Debug|Win32.Build.0 = Debug|Win32
		{5AB5E6BA-4230-4528-AB2A-A499F8ED6892}.Release|Win32.ActiveCfg = Release|Win32
		{5AB5E6BA-4230-4528-AB2A-A499F8ED6892}.Release|Win32.Build.0 = Release|Win32
		{27BAE77C-389B-407C-9CE2-D03326ED9379}.Debug|Win32.ActiveCfg = Debug|Win32
		{27BAE77C-389B-407C-9CE2-D03326ED9379}.Debug|Win32.Build.0 = Debug|Win32
		{27BAE77C-389B-407C-9CE2-D03326ED9379}.Release|Win32.ActiveCfg = Release|Win32
		{27BAE77C-389B-407C-9CE2-D03326ED9379}.Release|Win32.Build.0 = Release|Win32
		{AE006786-6587-4FCB-9775-614F780D1F80}.Debug|Win32.ActiveCfg = Debug|Win32
		{AE006786-6587-4FCB-9775-614F780D1F80}.Debug|Win32.Build.0 = Debug|Win32
		{AE006786-6587-4FCB-9775-614F780D1F80}.Release|Win32.ActiveCfg = Release|Win32
		{AE006786-6587-4FCB-9775-614F780D1F80}.Release|Win32.Build.0 = Release|Win32
		{785F04CC-760D-495A-A278-CB32A977FF92}.Debug|Win32.ActiveCfg = Debug|Win32
		{785F04CC-760D-495A-A278-CB32A977FF92}.Debug|Win32.Build.0 = Debug|Win32
		{785F04CC-760D-495A-A278-CB32A977FF92}.Release|Win32.ActiveCfg = Release|Win32
		{785F04CC-760D-495A-A278-CB32A977FF92}.Release|Win32.Build.0 = Release|Win32
		{70C67927-664C-48F1-B7B0-D15006C68257}.Debug|Win32.ActiveCfg = Debug|Win32
		{70C67927-664C-48F1-B7B0-D15006C68257}.Debug|Win32.Build.0 = Debug|Win32
		{70C67927-664C-48F1-B7B0-D15006C68257}.Release|Win32.ActiveCfg = Release|Win32
		{70C67927-664C-48F1-B7B0-D15006C68257}.Release|Win32.Build.0 = Release|Win32
	EndGlobalSection
	GlobalSection(SolutionProperties) = preSolution
		HideSolutionNode = FALSE
	EndGlobalSection
EndGlobal
